
Microsoft Visual Studio Solution File, Format Version 12.00
# Visual Studio 15
VisualStudioVersion = 15.0.27428.2005
MinimumVisualStudioVersion = 10.0.40219.1
Project("{FAE04EC0-301F-11D3-BF4B-00C04F79EFBC}") = "FilterDigitLogic", "FilterDigitLogic\FilterDigitLogic.csproj", "{077F370D-3FD9-4AEF-B21B-F49DCEA48F18}"
EndProject
Project("{FAE04EC0-301F-11D3-BF4B-00C04F79EFBC}") = "FilterDigitTest", "FilterDigitTest\FilterDigitTest.csproj", "{67752E7C-F2B1-408E-B408-A7AEB272BDD0}"
EndProject
Project("{FAE04EC0-301F-11D3-BF4B-00C04F79EFBC}") = "UnitFilterDigitTest", "UnitFilterDigitTest\UnitFilterDigitTest.csproj", "{46F64863-0EA0-4CB2-B415-50EF00C6CFD4}"
EndProject
Project("{FAE04EC0-301F-11D3-BF4B-00C04F79EFBC}") = "ByteInsertLogic", "ByteInsertLogic\ByteInsertLogic.csproj", "{44BEA719-43D4-4475-8271-77809F8055B2}"
EndProject
Project("{FAE04EC0-301F-11D3-BF4B-00C04F79EFBC}") = "UnitByteInsertTest", "UnitByteInsertTest\UnitByteInsertTest.csproj", "{0DE2459E-CF57-4E20-AB27-2F7E7910905B}"
EndProject
Project("{FAE04EC0-301F-11D3-BF4B-00C04F79EFBC}") = "NUnitByteInsertTest", "NUnitByteInsertTest\NUnitByteInsertTest.csproj", "{E00AD00B-2393-41B0-850C-A90F979A5E94}"
EndProject
Global
	GlobalSection(SolutionConfigurationPlatforms) = preSolution
		Debug|Any CPU = Debug|Any CPU
		Release|Any CPU = Release|Any CPU
	EndGlobalSection
	GlobalSection(ProjectConfigurationPlatforms) = postSolution
		{077F370D-3FD9-4AEF-B21B-F49DCEA48F18}.Debug|Any CPU.ActiveCfg = Debug|Any CPU
		{077F370D-3FD9-4AEF-B21B-F49DCEA48F18}.Debug|Any CPU.Build.0 = Debug|Any CPU
		{077F370D-3FD9-4AEF-B21B-F49DCEA48F18}.Release|Any CPU.ActiveCfg = Release|Any CPU
		{077F370D-3FD9-4AEF-B21B-F49DCEA48F18}.Release|Any CPU.Build.0 = Release|Any CPU
		{67752E7C-F2B1-408E-B408-A7AEB272BDD0}.Debug|Any CPU.ActiveCfg = Debug|Any CPU
		{67752E7C-F2B1-408E-B408-A7AEB272BDD0}.Debug|Any CPU.Build.0 = Debug|Any CPU
		{67752E7C-F2B1-408E-B408-A7AEB272BDD0}.Release|Any CPU.ActiveCfg = Release|Any CPU
		{67752E7C-F2B1-408E-B408-A7AEB272BDD0}.Release|Any CPU.Build.0 = Release|Any CPU
		{46F64863-0EA0-4CB2-B415-50EF00C6CFD4}.Debug|Any CPU.ActiveCfg = Debug|Any CPU
		{46F64863-0EA0-4CB2-B415-50EF00C6CFD4}.Debug|Any CPU.Build.0 = Debug|Any CPU
		{46F64863-0EA0-4CB2-B415-50EF00C6CFD4}.Release|Any CPU.ActiveCfg = Release|Any CPU
		{46F64863-0EA0-4CB2-B415-50EF00C6CFD4}.Release|Any CPU.Build.0 = Release|Any CPU
		{44BEA719-43D4-4475-8271-77809F8055B2}.Debug|Any CPU.ActiveCfg = Debug|Any CPU
		{44BEA719-43D4-4475-8271-77809F8055B2}.Debug|Any CPU.Build.0 = Debug|Any CPU
		{44BEA719-43D4-4475-8271-77809F8055B2}.Release|Any CPU.ActiveCfg = Release|Any CPU
		{44BEA719-43D4-4475-8271-77809F8055B2}.Release|Any CPU.Build.0 = Release|Any CPU
		{0DE2459E-CF57-4E20-AB27-2F7E7910905B}.Debug|Any CPU.ActiveCfg = Debug|Any CPU
		{0DE2459E-CF57-4E20-AB27-2F7E7910905B}.Debug|Any CPU.Build.0 = Debug|Any CPU
		{0DE2459E-CF57-4E20-AB27-2F7E7910905B}.Release|Any CPU.ActiveCfg = Release|Any CPU
		{0DE2459E-CF57-4E20-AB27-2F7E7910905B}.Release|Any CPU.Build.0 = Release|Any CPU
		{E00AD00B-2393-41B0-850C-A90F979A5E94}.Debug|Any CPU.ActiveCfg = Debug|Any CPU
		{E00AD00B-2393-41B0-850C-A90F979A5E94}.Debug|Any CPU.Build.0 = Debug|Any CPU
		{E00AD00B-2393-41B0-850C-A90F979A5E94}.Release|Any CPU.ActiveCfg = Release|Any CPU
		{E00AD00B-2393-41B0-850C-A90F979A5E94}.Release|Any CPU.Build.0 = Release|Any CPU
	EndGlobalSection
	GlobalSection(SolutionProperties) = preSolution
		HideSolutionNode = FALSE
	EndGlobalSection
	GlobalSection(ExtensibilityGlobals) = postSolution
		SolutionGuid = {4E3C0433-B821-4AC9-8C4A-FD96A931B2C0}
	EndGlobalSection
EndGlobal
